// !$*UTF8*$!
{
	archiveVersion = 1;
	classes = {
	};
	objectVersion = 46;
	objects = {

/* Begin PBXBuildFile section */
		131C70AF1E57B1E000438175 /* AppDelegate.swift in Sources */ = {isa = PBXBuildFile; fileRef = 131C70AE1E57B1E000438175 /* AppDelegate.swift */; };
		131C70B11E57B1E000438175 /* MapViewController.swift in Sources */ = {isa = PBXBuildFile; fileRef = 131C70B01E57B1E000438175 /* MapViewController.swift */; };
		131C70B41E57B1E000438175 /* Main.storyboard in Resources */ = {isa = PBXBuildFile; fileRef = 131C70B21E57B1E000438175 /* Main.storyboard */; };
		131C70B71E57B1E000438175 /* Weather.xcdatamodeld in Sources */ = {isa = PBXBuildFile; fileRef = 131C70B51E57B1E000438175 /* Weather.xcdatamodeld */; };
		131C70B91E57B1E000438175 /* Assets.xcassets in Resources */ = {isa = PBXBuildFile; fileRef = 131C70B81E57B1E000438175 /* Assets.xcassets */; };
		131C70BC1E57B1E000438175 /* LaunchScreen.storyboard in Resources */ = {isa = PBXBuildFile; fileRef = 131C70BA1E57B1E000438175 /* LaunchScreen.storyboard */; };
		131EEBEB1E60F9D600723168 /* WeatherApi.swift in Sources */ = {isa = PBXBuildFile; fileRef = 131EEBEA1E60F9D600723168 /* WeatherApi.swift */; };
		131EEBF11E60FFAE00723168 /* Forecast.swift in Sources */ = {isa = PBXBuildFile; fileRef = 131EEBF01E60FFAE00723168 /* Forecast.swift */; };
		131EEBF31E61045000723168 /* NetworkPovider.swift in Sources */ = {isa = PBXBuildFile; fileRef = 131EEBF21E61045000723168 /* NetworkPovider.swift */; };
		1327E85E1E58B3370038D14E /* CitiesTableViewController.swift in Sources */ = {isa = PBXBuildFile; fileRef = 1327E85D1E58B3370038D14E /* CitiesTableViewController.swift */; };
		1327E8601E58B3C40038D14E /* ForecastViewController.swift in Sources */ = {isa = PBXBuildFile; fileRef = 1327E85F1E58B3C40038D14E /* ForecastViewController.swift */; };
		133A20F01E5BD06100DC61A0 /* MapKit.framework in Frameworks */ = {isa = PBXBuildFile; fileRef = 133A20EF1E5BD06100DC61A0 /* MapKit.framework */; };
		136986621E5E77D5008E2FEA /* LocationSearchTable.swift in Sources */ = {isa = PBXBuildFile; fileRef = 136986611E5E77D5008E2FEA /* LocationSearchTable.swift */; };
		13F39E9E1E5D0A10002E31DD /* CoreData.framework in Frameworks */ = {isa = PBXBuildFile; fileRef = 13F39E9D1E5D0A0F002E31DD /* CoreData.framework */; };
/* End PBXBuildFile section */

/* Begin PBXFileReference section */
		131C70AB1E57B1E000438175 /* Weather.app */ = {isa = PBXFileReference; explicitFileType = wrapper.application; includeInIndex = 0; path = Weather.app; sourceTree = BUILT_PRODUCTS_DIR; };
		131C70AE1E57B1E000438175 /* AppDelegate.swift */ = {isa = PBXFileReference; lastKnownFileType = sourcecode.swift; path = AppDelegate.swift; sourceTree = "<group>"; };
		131C70B01E57B1E000438175 /* MapViewController.swift */ = {isa = PBXFileReference; lastKnownFileType = sourcecode.swift; path = MapViewController.swift; sourceTree = "<group>"; };
		131C70B31E57B1E000438175 /* Base */ = {isa = PBXFileReference; lastKnownFileType = file.storyboard; name = Base; path = Base.lproj/Main.storyboard; sourceTree = "<group>"; };
		131C70B61E57B1E000438175 /* Weather.xcdatamodel */ = {isa = PBXFileReference; lastKnownFileType = wrapper.xcdatamodel; path = Weather.xcdatamodel; sourceTree = "<group>"; };
		131C70B81E57B1E000438175 /* Assets.xcassets */ = {isa = PBXFileReference; lastKnownFileType = folder.assetcatalog; path = Assets.xcassets; sourceTree = "<group>"; };
		131C70BB1E57B1E000438175 /* Base */ = {isa = PBXFileReference; lastKnownFileType = file.storyboard; name = Base; path = Base.lproj/LaunchScreen.storyboard; sourceTree = "<group>"; };
		131C70BD1E57B1E000438175 /* Info.plist */ = {isa = PBXFileReference; lastKnownFileType = text.plist.xml; path = Info.plist; sourceTree = "<group>"; };
		131EEBEA1E60F9D600723168 /* WeatherApi.swift */ = {isa = PBXFileReference; fileEncoding = 4; lastKnownFileType = sourcecode.swift; path = WeatherApi.swift; sourceTree = "<group>"; };
		131EEBF01E60FFAE00723168 /* Forecast.swift */ = {isa = PBXFileReference; fileEncoding = 4; lastKnownFileType = sourcecode.swift; path = Forecast.swift; sourceTree = "<group>"; };
		131EEBF21E61045000723168 /* NetworkPovider.swift */ = {isa = PBXFileReference; fileEncoding = 4; lastKnownFileType = sourcecode.swift; path = NetworkPovider.swift; sourceTree = "<group>"; };
		1327E85D1E58B3370038D14E /* CitiesTableViewController.swift */ = {isa = PBXFileReference; fileEncoding = 4; lastKnownFileType = sourcecode.swift; path = CitiesTableViewController.swift; sourceTree = "<group>"; };
		1327E85F1E58B3C40038D14E /* ForecastViewController.swift */ = {isa = PBXFileReference; fileEncoding = 4; lastKnownFileType = sourcecode.swift; path = ForecastViewController.swift; sourceTree = "<group>"; };
		133A20EF1E5BD06100DC61A0 /* MapKit.framework */ = {isa = PBXFileReference; lastKnownFileType = wrapper.framework; name = MapKit.framework; path = System/Library/Frameworks/MapKit.framework; sourceTree = SDKROOT; };
		136986611E5E77D5008E2FEA /* LocationSearchTable.swift */ = {isa = PBXFileReference; fileEncoding = 4; lastKnownFileType = sourcecode.swift; path = LocationSearchTable.swift; sourceTree = "<group>"; };
		13F39E9D1E5D0A0F002E31DD /* CoreData.framework */ = {isa = PBXFileReference; lastKnownFileType = wrapper.framework; name = CoreData.framework; path = System/Library/Frameworks/CoreData.framework; sourceTree = SDKROOT; };
/* End PBXFileReference section */

/* Begin PBXFrameworksBuildPhase section */
		131C70A81E57B1E000438175 /* Frameworks */ = {
			isa = PBXFrameworksBuildPhase;
			buildActionMask = 2147483647;
			files = (
				13F39E9E1E5D0A10002E31DD /* CoreData.framework in Frameworks */,
				133A20F01E5BD06100DC61A0 /* MapKit.framework in Frameworks */,
			);
			runOnlyForDeploymentPostprocessing = 0;
		};
/* End PBXFrameworksBuildPhase section */

/* Begin PBXGroup section */
		131C70A21E57B1E000438175 = {
			isa = PBXGroup;
			children = (
				131C70AD1E57B1E000438175 /* Weather */,
				131C70AC1E57B1E000438175 /* Products */,
				133A20EE1E5BD06100DC61A0 /* Frameworks */,
			);
			sourceTree = "<group>";
		};
		131C70AC1E57B1E000438175 /* Products */ = {
			isa = PBXGroup;
			children = (
				131C70AB1E57B1E000438175 /* Weather.app */,
			);
			name = Products;
			sourceTree = "<group>";
		};
		131C70AD1E57B1E000438175 /* Weather */ = {
			isa = PBXGroup;
			children = (
				131EEBE71E60EE9A00723168 /* model */,
				131C70AE1E57B1E000438175 /* AppDelegate.swift */,
				131C70B01E57B1E000438175 /* MapViewController.swift */,
				131C70B21E57B1E000438175 /* Main.storyboard */,
				131C70B81E57B1E000438175 /* Assets.xcassets */,
				131C70BA1E57B1E000438175 /* LaunchScreen.storyboard */,
				131C70BD1E57B1E000438175 /* Info.plist */,
				131C70B51E57B1E000438175 /* Weather.xcdatamodeld */,
				1327E85D1E58B3370038D14E /* CitiesTableViewController.swift */,
				1327E85F1E58B3C40038D14E /* ForecastViewController.swift */,
				136986611E5E77D5008E2FEA /* LocationSearchTable.swift */,
			);
			path = Weather;
			sourceTree = "<group>";
		};
		131EEBE71E60EE9A00723168 /* model */ = {
			isa = PBXGroup;
			children = (
				131EEBE91E60F9BE00723168 /* Remote */,
				131EEBE81E60EEA600723168 /* Entity */,
			);
			name = model;
			sourceTree = "<group>";
		};
		131EEBE81E60EEA600723168 /* Entity */ = {
			isa = PBXGroup;
			children = (
				131EEBF01E60FFAE00723168 /* Forecast.swift */,
			);
			name = Entity;
			sourceTree = "<group>";
		};
		131EEBE91E60F9BE00723168 /* Remote */ = {
			isa = PBXGroup;
			children = (
				131EEBEA1E60F9D600723168 /* WeatherApi.swift */,
				131EEBF21E61045000723168 /* NetworkPovider.swift */,
			);
			name = Remote;
			sourceTree = "<group>";
		};
		133A20EE1E5BD06100DC61A0 /* Frameworks */ = {
			isa = PBXGroup;
			children = (
				13F39E9D1E5D0A0F002E31DD /* CoreData.framework */,
				133A20EF1E5BD06100DC61A0 /* MapKit.framework */,
			);
			name = Frameworks;
			sourceTree = "<group>";
		};
/* End PBXGroup section */

/* Begin PBXNativeTarget section */
		131C70AA1E57B1E000438175 /* Weather */ = {
			isa = PBXNativeTarget;
			buildConfigurationList = 131C70C01E57B1E000438175 /* Build configuration list for PBXNativeTarget "Weather" */;
			buildPhases = (
				131C70A71E57B1E000438175 /* Sources */,
				131C70A81E57B1E000438175 /* Frameworks */,
				131C70A91E57B1E000438175 /* Resources */,
			);
			buildRules = (
			);
			dependencies = (
			);
			name = Weather;
			productName = Weather;
			productReference = 131C70AB1E57B1E000438175 /* Weather.app */;
			productType = "com.apple.product-type.application";
		};
/* End PBXNativeTarget section */

/* Begin PBXProject section */
		131C70A31E57B1E000438175 /* Project object */ = {
			isa = PBXProject;
			attributes = {
				LastSwiftUpdateCheck = 0820;
				LastUpgradeCheck = 0820;
				ORGANIZATIONNAME = "WELLINGTON BARBOSA";
				TargetAttributes = {
					131C70AA1E57B1E000438175 = {
						CreatedOnToolsVersion = 8.2.1;
						DevelopmentTeam = 64Q92N27SX;
						ProvisioningStyle = Automatic;
					};
				};
			};
			buildConfigurationList = 131C70A61E57B1E000438175 /* Build configuration list for PBXProject "Weather" */;
			compatibilityVersion = "Xcode 3.2";
			developmentRegion = English;
			hasScannedForEncodings = 0;
			knownRegions = (
				en,
				Base,
			);
			mainGroup = 131C70A21E57B1E000438175;
			productRefGroup = 131C70AC1E57B1E000438175 /* Products */;
			projectDirPath = "";
			projectRoot = "";
			targets = (
				131C70AA1E57B1E000438175 /* Weather */,
			);
		};
/* End PBXProject section */

/* Begin PBXResourcesBuildPhase section */
		131C70A91E57B1E000438175 /* Resources */ = {
			isa = PBXResourcesBuildPhase;
			buildActionMask = 2147483647;
			files = (
				131C70BC1E57B1E000438175 /* LaunchScreen.storyboard in Resources */,
				131C70B91E57B1E000438175 /* Assets.xcassets in Resources */,
				131C70B41E57B1E000438175 /* Main.storyboard in Resources */,
			);
			runOnlyForDeploymentPostprocessing = 0;
		};
/* End PBXResourcesBuildPhase section */

/* Begin PBXSourcesBuildPhase section */
		131C70A71E57B1E000438175 /* Sources */ = {
			isa = PBXSourcesBuildPhase;
			buildActionMask = 2147483647;
			files = (
				131C70B71E57B1E000438175 /* Weather.xcdatamodeld in Sources */,
				131C70B11E57B1E000438175 /* MapViewController.swift in Sources */,
				131EEBF11E60FFAE00723168 /* Forecast.swift in Sources */,
				1327E8601E58B3C40038D14E /* ForecastViewController.swift in Sources */,
				136986621E5E77D5008E2FEA /* LocationSearchTable.swift in Sources */,
				1327E85E1E58B3370038D14E /* CitiesTableViewController.swift in Sources */,
				131EEBEB1E60F9D600723168 /* WeatherApi.swift in Sources */,
				131EEBF31E61045000723168 /* NetworkPovider.swift in Sources */,
				131C70AF1E57B1E000438175 /* AppDelegate.swift in Sources */,
			);
			runOnlyForDeploymentPostprocessing = 0;
		};
/* End PBXSourcesBuildPhase section */

/* Begin PBXVariantGroup section */
		131C70B21E57B1E000438175 /* Main.storyboard */ = {
			isa = PBXVariantGroup;
			children = (
				131C70B31E57B1E000438175 /* Base */,
			);
			name = Main.storyboard;
			sourceTree = "<group>";
		};
		131C70BA1E57B1E000438175 /* LaunchScreen.storyboard */ = {
			isa = PBXVariantGroup;
			children = (
				131C70BB1E57B1E000438175 /* Base */,
			);
			name = LaunchScreen.storyboard;
			sourceTree = "<group>";
		};
/* End PBXVariantGroup section */

/* Begin XCBuildConfiguration section */
		131C70BE1E57B1E000438175 /* Debug */ = {
			isa = XCBuildConfiguration;
			buildSettings = {
				ALWAYS_SEARCH_USER_PATHS = NO;
				CLANG_ANALYZER_NONNULL = YES;
				CLANG_CXX_LANGUAGE_STANDARD = "gnu++0x";
				CLANG_CXX_LIBRARY = "libc++";
				CLANG_ENABLE_MODULES = YES;
				CLANG_ENABLE_OBJC_ARC = YES;
				CLANG_WARN_BOOL_CONVERSION = YES;
				CLANG_WARN_CONSTANT_CONVERSION = YES;
				CLANG_WARN_DIRECT_OBJC_ISA_USAGE = YES_ERROR;
				CLANG_WARN_DOCUMENTATION_COMMENTS = YES;
				CLANG_WARN_EMPTY_BODY = YES;
				CLANG_WARN_ENUM_CONVERSION = YES;
				CLANG_WARN_INFINITE_RECURSION = YES;
				CLANG_WARN_INT_CONVERSION = YES;
				CLANG_WARN_OBJC_ROOT_CLASS = YES_ERROR;
				CLANG_WARN_SUSPICIOUS_MOVE = YES;
				CLANG_WARN_UNREACHABLE_CODE = YES;
				CLANG_WARN__DUPLICATE_METHOD_MATCH = YES;
				"CODE_SIGN_IDENTITY[sdk=iphoneos*]" = "iPhone Developer";
				COPY_PHASE_STRIP = NO;
				DEBUG_INFORMATION_FORMAT = dwarf;
				ENABLE_STRICT_OBJC_MSGSEND = YES;
				ENABLE_TESTABILITY = YES;
				GCC_C_LANGUAGE_STANDARD = gnu99;
				GCC_DYNAMIC_NO_PIC = NO;
				GCC_NO_COMMON_BLOCKS = YES;
				GCC_OPTIMIZATION_LEVEL = 0;
				GCC_PREPROCESSOR_DEFINITIONS = (
					"DEBUG=1",
					"$(inherited)",
				);
				GCC_WARN_64_TO_32_BIT_CONVERSION = YES;
				GCC_WARN_ABOUT_RETURN_TYPE = YES_ERROR;
				GCC_WARN_UNDECLARED_SELECTOR = YES;
				GCC_WARN_UNINITIALIZED_AUTOS = YES_AGGRESSIVE;
				GCC_WARN_UNUSED_FUNCTION = YES;
				GCC_WARN_UNUSED_VARIABLE = YES;
				IPHONEOS_DEPLOYMENT_TARGET = 10.2;
				MTL_ENABLE_DEBUG_INFO = YES;
				ONLY_ACTIVE_ARCH = YES;
				SDKROOT = iphoneos;
				SWIFT_ACTIVE_COMPILATION_CONDITIONS = DEBUG;
				SWIFT_OPTIMIZATION_LEVEL = "-Onone";
				TARGETED_DEVICE_FAMILY = "1,2";
			};
			name = Debug;
		};
		131C70BF1E57B1E000438175 /* Release */ = {
			isa = XCBuildConfiguration;
			buildSettings = {
				ALWAYS_SEARCH_USER_PATHS = NO;
				CLANG_ANALYZER_NONNULL = YES;
				CLANG_CXX_LANGUAGE_STANDARD = "gnu++0x";
				CLANG_CXX_LIBRARY = "libc++";
				CLANG_ENABLE_MODULES = YES;
				CLANG_ENABLE_OBJC_ARC = YES;
				CLANG_WARN_BOOL_CONVERSION = YES;
				CLANG_WARN_CONSTANT_CONVERSION = YES;
				CLANG_WARN_DIRECT_OBJC_ISA_USAGE = YES_ERROR;
				CLANG_WARN_DOCUMENTATION_COMMENTS = YES;
				CLANG_WARN_EMPTY_BODY = YES;
				CLANG_WARN_ENUM_CONVERSION = YES;
				CLANG_WARN_INFINITE_RECURSION = YES;
				CLANG_WARN_INT_CONVERSION = YES;
				CLANG_WARN_OBJC_ROOT_CLASS = YES_ERROR;
				CLANG_WARN_SUSPICIOUS_MOVE = YES;
				CLANG_WARN_UNREACHABLE_CODE = YES;
				CLANG_WARN__DUPLICATE_METHOD_MATCH = YES;
				"CODE_SIGN_IDENTITY[sdk=iphoneos*]" = "iPhone Developer";
				COPY_PHASE_STRIP = NO;
				DEBUG_INFORMATION_FORMAT = "dwarf-with-dsym";
				ENABLE_NS_ASSERTIONS = NO;
				ENABLE_STRICT_OBJC_MSGSEND = YES;
				GCC_C_LANGUAGE_STANDARD = gnu99;
				GCC_NO_COMMON_BLOCKS = YES;
				GCC_WARN_64_TO_32_BIT_CONVERSION = YES;
				GCC_WARN_ABOUT_RETURN_TYPE = YES_ERROR;
				GCC_WARN_UNDECLARED_SELECTOR = YES;
				GCC_WARN_UNINITIALIZED_AUTOS = YES_AGGRESSIVE;
				GCC_WARN_UNUSED_FUNCTION = YES;
				GCC_WARN_UNUSED_VARIABLE = YES;
				IPHONEOS_DEPLOYMENT_TARGET = 10.2;
				MTL_ENABLE_DEBUG_INFO = NO;
				SDKROOT = iphoneos;
				SWIFT_OPTIMIZATION_LEVEL = "-Owholemodule";
				TARGETED_DEVICE_FAMILY = "1,2";
				VALIDATE_PRODUCT = YES;
			};
			name = Release;
		};
		131C70C11E57B1E000438175 /* Debug */ = {
			isa = XCBuildConfiguration;
			buildSettings = {
				ASSETCATALOG_COMPILER_APPICON_NAME = AppIcon;
				DEVELOPMENT_TEAM = 64Q92N27SX;
				INFOPLIST_FILE = Weather/Info.plist;
				LD_RUNPATH_SEARCH_PATHS = "$(inherited) @executable_path/Frameworks";
				PRODUCT_BUNDLE_IDENTIFIER = wellington.swift.Weather;
				PRODUCT_NAME = "$(TARGET_NAME)";
				SWIFT_VERSION = 3.0;
			};
			name = Debug;
		};
		131C70C21E57B1E000438175 /* Release */ = {
			isa = XCBuildConfiguration;
			buildSettings = {
				ASSETCATALOG_COMPILER_APPICON_NAME = AppIcon;
				DEVELOPMENT_TEAM = 64Q92N27SX;
				INFOPLIST_FILE = Weather/Info.plist;
				LD_RUNPATH_SEARCH_PATHS = "$(inherited) @executable_path/Frameworks";
				PRODUCT_BUNDLE_IDENTIFIER = wellington.swift.Weather;
				PRODUCT_NAME = "$(TARGET_NAME)";
				SWIFT_VERSION = 3.0;
			};
			name = Release;
		};
/* End XCBuildConfiguration section */

/* Begin XCConfigurationList section */
		131C70A61E57B1E000438175 /* Build configuration list for PBXProject "Weather" */ = {
			isa = XCConfigurationList;
			buildConfigurations = (
				131C70BE1E57B1E000438175 /* Debug */,
				131C70BF1E57B1E000438175 /* Release */,
			);
			defaultConfigurationIsVisible = 0;
			defaultConfigurationName = Release;
		};
		131C70C01E57B1E000438175 /* Build configuration list for PBXNativeTarget "Weather" */ = {
			isa = XCConfigurationList;
			buildConfigurations = (
				131C70C11E57B1E000438175 /* Debug */,
				131C70C21E57B1E000438175 /* Release */,
			);
			defaultConfigurationIsVisible = 0;
			defaultConfigurationName = Release;
		};
/* End XCConfigurationList section */

/* Begin XCVersionGroup section */
		131C70B51E57B1E000438175 /* Weather.xcdatamodeld */ = {
			isa = XCVersionGroup;
			children = (
				131C70B61E57B1E000438175 /* Weather.xcdatamodel */,
			);
			currentVersion = 131C70B61E57B1E000438175 /* Weather.xcdatamodel */;
			path = Weather.xcdatamodeld;
			sourceTree = "<group>";
			versionGroupType = wrapper.xcdatamodel;
		};
/* End XCVersionGroup section */
	};
	rootObject = 131C70A31E57B1E000438175 /* Project object */;
}
